// !$*UTF8*$!
{
	archiveVersion = 1;
	classes = {
	};
	objectVersion = 46;
	objects = {

/* Begin PBXBuildFile section */
		AF9E6B6D1CD98210000D5222 /* main.m in Sources */ = {isa = PBXBuildFile; fileRef = AF9E6B6C1CD98210000D5222 /* main.m */; };
		AF9E6B701CD98210000D5222 /* AppDelegate.m in Sources */ = {isa = PBXBuildFile; fileRef = AF9E6B6F1CD98210000D5222 /* AppDelegate.m */; };
		AF9E6B731CD98210000D5222 /* ViewController.m in Sources */ = {isa = PBXBuildFile; fileRef = AF9E6B721CD98210000D5222 /* ViewController.m */; };
		AF9E6B761CD98210000D5222 /* Main.storyboard in Resources */ = {isa = PBXBuildFile; fileRef = AF9E6B741CD98210000D5222 /* Main.storyboard */; };
		AF9E6B781CD98210000D5222 /* Assets.xcassets in Resources */ = {isa = PBXBuildFile; fileRef = AF9E6B771CD98210000D5222 /* Assets.xcassets */; };
		AF9E6B7B1CD98210000D5222 /* LaunchScreen.storyboard in Resources */ = {isa = PBXBuildFile; fileRef = AF9E6B791CD98210000D5222 /* LaunchScreen.storyboard */; };
		AF9E6B861CD98210000D5222 /* DisplayingTextTests.m in Sources */ = {isa = PBXBuildFile; fileRef = AF9E6B851CD98210000D5222 /* DisplayingTextTests.m */; };
		AF9E6B911CD98210000D5222 /* DisplayingTextUITests.m in Sources */ = {isa = PBXBuildFile; fileRef = AF9E6B901CD98210000D5222 /* DisplayingTextUITests.m */; };
/* End PBXBuildFile section */

/* Begin PBXContainerItemProxy section */
		AF9E6B821CD98210000D5222 /* PBXContainerItemProxy */ = {
			isa = PBXContainerItemProxy;
			containerPortal = AF9E6B601CD98210000D5222 /* Project object */;
			proxyType = 1;
			remoteGlobalIDString = AF9E6B671CD98210000D5222;
			remoteInfo = DisplayingText;
		};
		AF9E6B8D1CD98210000D5222 /* PBXContainerItemProxy */ = {
			isa = PBXContainerItemProxy;
			containerPortal = AF9E6B601CD98210000D5222 /* Project object */;
			proxyType = 1;
			remoteGlobalIDString = AF9E6B671CD98210000D5222;
			remoteInfo = DisplayingText;
		};
/* End PBXContainerItemProxy section */

/* Begin PBXFileReference section */
		AF9E6B681CD98210000D5222 /* DisplayingText.app */ = {isa = PBXFileReference; explicitFileType = wrapper.application; includeInIndex = 0; path = DisplayingText.app; sourceTree = BUILT_PRODUCTS_DIR; };
		AF9E6B6C1CD98210000D5222 /* main.m */ = {isa = PBXFileReference; lastKnownFileType = sourcecode.c.objc; path = main.m; sourceTree = "<group>"; };
		AF9E6B6E1CD98210000D5222 /* AppDelegate.h */ = {isa = PBXFileReference; lastKnownFileType = sourcecode.c.h; path = AppDelegate.h; sourceTree = "<group>"; };
		AF9E6B6F1CD98210000D5222 /* AppDelegate.m */ = {isa = PBXFileReference; lastKnownFileType = sourcecode.c.objc; path = AppDelegate.m; sourceTree = "<group>"; };
		AF9E6B711CD98210000D5222 /* ViewController.h */ = {isa = PBXFileReference; lastKnownFileType = sourcecode.c.h; path = ViewController.h; sourceTree = "<group>"; };
		AF9E6B721CD98210000D5222 /* ViewController.m */ = {isa = PBXFileReference; lastKnownFileType = sourcecode.c.objc; path = ViewController.m; sourceTree = "<group>"; };
		AF9E6B751CD98210000D5222 /* Base */ = {isa = PBXFileReference; lastKnownFileType = file.storyboard; name = Base; path = Base.lproj/Main.storyboard; sourceTree = "<group>"; };
		AF9E6B771CD98210000D5222 /* Assets.xcassets */ = {isa = PBXFileReference; lastKnownFileType = folder.assetcatalog; path = Assets.xcassets; sourceTree = "<group>"; };
		AF9E6B7A1CD98210000D5222 /* Base */ = {isa = PBXFileReference; lastKnownFileType = file.storyboard; name = Base; path = Base.lproj/LaunchScreen.storyboard; sourceTree = "<group>"; };
		AF9E6B7C1CD98210000D5222 /* Info.plist */ = {isa = PBXFileReference; lastKnownFileType = text.plist.xml; path = Info.plist; sourceTree = "<group>"; };
		AF9E6B811CD98210000D5222 /* DisplayingTextTests.xctest */ = {isa = PBXFileReference; explicitFileType = wrapper.cfbundle; includeInIndex = 0; path = DisplayingTextTests.xctest; sourceTree = BUILT_PRODUCTS_DIR; };
		AF9E6B851CD98210000D5222 /* DisplayingTextTests.m */ = {isa = PBXFileReference; lastKnownFileType = sourcecode.c.objc; path = DisplayingTextTests.m; sourceTree = "<group>"; };
		AF9E6B871CD98210000D5222 /* Info.plist */ = {isa = PBXFileReference; lastKnownFileType = text.plist.xml; path = Info.plist; sourceTree = "<group>"; };
		AF9E6B8C1CD98210000D5222 /* DisplayingTextUITests.xctest */ = {isa = PBXFileReference; explicitFileType = wrapper.cfbundle; includeInIndex = 0; path = DisplayingTextUITests.xctest; sourceTree = BUILT_PRODUCTS_DIR; };
		AF9E6B901CD98210000D5222 /* DisplayingTextUITests.m */ = {isa = PBXFileReference; lastKnownFileType = sourcecode.c.objc; path = DisplayingTextUITests.m; sourceTree = "<group>"; };
		AF9E6B921CD98210000D5222 /* Info.plist */ = {isa = PBXFileReference; lastKnownFileType = text.plist.xml; path = Info.plist; sourceTree = "<group>"; };
/* End PBXFileReference section */

/* Begin PBXFrameworksBuildPhase section */
		AF9E6B651CD98210000D5222 /* Frameworks */ = {
			isa = PBXFrameworksBuildPhase;
			buildActionMask = 2147483647;
			files = (
			);
			runOnlyForDeploymentPostprocessing = 0;
		};
		AF9E6B7E1CD98210000D5222 /* Frameworks */ = {
			isa = PBXFrameworksBuildPhase;
			buildActionMask = 2147483647;
			files = (
			);
			runOnlyForDeploymentPostprocessing = 0;
		};
		AF9E6B891CD98210000D5222 /* Frameworks */ = {
			isa = PBXFrameworksBuildPhase;
			buildActionMask = 2147483647;
			files = (
			);
			runOnlyForDeploymentPostprocessing = 0;
		};
/* End PBXFrameworksBuildPhase section */

/* Begin PBXGroup section */
		AF9E6B5F1CD98210000D5222 = {
			isa = PBXGroup;
			children = (
				AF9E6B6A1CD98210000D5222 /* DisplayingText */,
				AF9E6B841CD98210000D5222 /* DisplayingTextTests */,
				AF9E6B8F1CD98210000D5222 /* DisplayingTextUITests */,
				AF9E6B691CD98210000D5222 /* Products */,
			);
			sourceTree = "<group>";
		};
		AF9E6B691CD98210000D5222 /* Products */ = {
			isa = PBXGroup;
			children = (
				AF9E6B681CD98210000D5222 /* DisplayingText.app */,
				AF9E6B811CD98210000D5222 /* DisplayingTextTests.xctest */,
				AF9E6B8C1CD98210000D5222 /* DisplayingTextUITests.xctest */,
			);
			name = Products;
			sourceTree = "<group>";
		};
		AF9E6B6A1CD98210000D5222 /* DisplayingText */ = {
			isa = PBXGroup;
			children = (
				AF9E6B6E1CD98210000D5222 /* AppDelegate.h */,
				AF9E6B6F1CD98210000D5222 /* AppDelegate.m */,
				AF9E6B711CD98210000D5222 /* ViewController.h */,
				AF9E6B721CD98210000D5222 /* ViewController.m */,
				AF9E6B741CD98210000D5222 /* Main.storyboard */,
				AF9E6B771CD98210000D5222 /* Assets.xcassets */,
				AF9E6B791CD98210000D5222 /* LaunchScreen.storyboard */,
				AF9E6B7C1CD98210000D5222 /* Info.plist */,
				AF9E6B6B1CD98210000D5222 /* Supporting Files */,
			);
			path = DisplayingText;
			sourceTree = "<group>";
		};
		AF9E6B6B1CD98210000D5222 /* Supporting Files */ = {
			isa = PBXGroup;
			children = (
				AF9E6B6C1CD98210000D5222 /* main.m */,
			);
			name = "Supporting Files";
			sourceTree = "<group>";
		};
		AF9E6B841CD98210000D5222 /* DisplayingTextTests */ = {
			isa = PBXGroup;
			children = (
				AF9E6B851CD98210000D5222 /* DisplayingTextTests.m */,
				AF9E6B871CD98210000D5222 /* Info.plist */,
			);
			path = DisplayingTextTests;
			sourceTree = "<group>";
		};
		AF9E6B8F1CD98210000D5222 /* DisplayingTextUITests */ = {
			isa = PBXGroup;
			children = (
				AF9E6B901CD98210000D5222 /* DisplayingTextUITests.m */,
				AF9E6B921CD98210000D5222 /* Info.plist */,
			);
			path = DisplayingTextUITests;
			sourceTree = "<group>";
		};
/* End PBXGroup section */

/* Begin PBXNativeTarget section */
		AF9E6B671CD98210000D5222 /* DisplayingText */ = {
			isa = PBXNativeTarget;
			buildConfigurationList = AF9E6B951CD98210000D5222 /* Build configuration list for PBXNativeTarget "DisplayingText" */;
			buildPhases = (
				AF9E6B641CD98210000D5222 /* Sources */,
				AF9E6B651CD98210000D5222 /* Frameworks */,
				AF9E6B661CD98210000D5222 /* Resources */,
			);
			buildRules = (
			);
			dependencies = (
			);
			name = DisplayingText;
			productName = DisplayingText;
			productReference = AF9E6B681CD98210000D5222 /* DisplayingText.app */;
			productType = "com.apple.product-type.application";
		};
		AF9E6B801CD98210000D5222 /* DisplayingTextTests */ = {
			isa = PBXNativeTarget;
			buildConfigurationList = AF9E6B981CD98210000D5222 /* Build configuration list for PBXNativeTarget "DisplayingTextTests" */;
			buildPhases = (
				AF9E6B7D1CD98210000D5222 /* Sources */,
				AF9E6B7E1CD98210000D5222 /* Frameworks */,
				AF9E6B7F1CD98210000D5222 /* Resources */,
			);
			buildRules = (
			);
			dependencies = (
				AF9E6B831CD98210000D5222 /* PBXTargetDependency */,
			);
			name = DisplayingTextTests;
			productName = DisplayingTextTests;
			productReference = AF9E6B811CD98210000D5222 /* DisplayingTextTests.xctest */;
			productType = "com.apple.product-type.bundle.unit-test";
		};
		AF9E6B8B1CD98210000D5222 /* DisplayingTextUITests */ = {
			isa = PBXNativeTarget;
			buildConfigurationList = AF9E6B9B1CD98210000D5222 /* Build configuration list for PBXNativeTarget "DisplayingTextUITests" */;
			buildPhases = (
				AF9E6B881CD98210000D5222 /* Sources */,
				AF9E6B891CD98210000D5222 /* Frameworks */,
				AF9E6B8A1CD98210000D5222 /* Resources */,
			);
			buildRules = (
			);
			dependencies = (
				AF9E6B8E1CD98210000D5222 /* PBXTargetDependency */,
			);
			name = DisplayingTextUITests;
			productName = DisplayingTextUITests;
			productReference = AF9E6B8C1CD98210000D5222 /* DisplayingTextUITests.xctest */;
			productType = "com.apple.product-type.bundle.ui-testing";
		};
/* End PBXNativeTarget section */

/* Begin PBXProject section */
		AF9E6B601CD98210000D5222 /* Project object */ = {
			isa = PBXProject;
			attributes = {
				LastUpgradeCheck = 0720;
				ORGANIZATIONNAME = "Cody Miller";
				TargetAttributes = {
					AF9E6B671CD98210000D5222 = {
						CreatedOnToolsVersion = 7.2.1;
						DevelopmentTeam = 5D5JV98JBG;
					};
					AF9E6B801CD98210000D5222 = {
						CreatedOnToolsVersion = 7.2.1;
						DevelopmentTeam = 5D5JV98JBG;
						TestTargetID = AF9E6B671CD98210000D5222;
					};
					AF9E6B8B1CD98210000D5222 = {
						CreatedOnToolsVersion = 7.2.1;
						DevelopmentTeam = 5D5JV98JBG;
						TestTargetID = AF9E6B671CD98210000D5222;
					};
				};
			};
			buildConfigurationList = AF9E6B631CD98210000D5222 /* Build configuration list for PBXProject "DisplayingText" */;
			compatibilityVersion = "Xcode 3.2";
			developmentRegion = English;
			hasScannedForEncodings = 0;
			knownRegions = (
				en,
				Base,
			);
			mainGroup = AF9E6B5F1CD98210000D5222;
			productRefGroup = AF9E6B691CD98210000D5222 /* Products */;
			projectDirPath = "";
			projectRoot = "";
			targets = (
				AF9E6B671CD98210000D5222 /* DisplayingText */,
				AF9E6B801CD98210000D5222 /* DisplayingTextTests */,
				AF9E6B8B1CD98210000D5222 /* DisplayingTextUITests */,
			);
		};
/* End PBXProject section */

/* Begin PBXResourcesBuildPhase section */
		AF9E6B661CD98210000D5222 /* Resources */ = {
			isa = PBXResourcesBuildPhase;
			buildActionMask = 2147483647;
			files = (
				AF9E6B7B1CD98210000D5222 /* LaunchScreen.storyboard in Resources */,
				AF9E6B781CD98210000D5222 /* Assets.xcassets in Resources */,
				AF9E6B761CD98210000D5222 /* Main.storyboard in Resources */,
			);
			runOnlyForDeploymentPostprocessing = 0;
		};
		AF9E6B7F1CD98210000D5222 /* Resources */ = {
			isa = PBXResourcesBuildPhase;
			buildActionMask = 2147483647;
			files = (
			);
			runOnlyForDeploymentPostprocessing = 0;
		};
		AF9E6B8A1CD98210000D5222 /* Resources */ = {
			isa = PBXResourcesBuildPhase;
			buildActionMask = 2147483647;
			files = (
			);
			runOnlyForDeploymentPostprocessing = 0;
		};
/* End PBXResourcesBuildPhase section */

/* Begin PBXSourcesBuildPhase section */
		AF9E6B641CD98210000D5222 /* Sources */ = {
			isa = PBXSourcesBuildPhase;
			buildActionMask = 2147483647;
			files = (
				AF9E6B731CD98210000D5222 /* ViewController.m in Sources */,
				AF9E6B701CD98210000D5222 /* AppDelegate.m in Sources */,
				AF9E6B6D1CD98210000D5222 /* main.m in Sources */,
			);
			runOnlyForDeploymentPostprocessing = 0;
		};
		AF9E6B7D1CD98210000D5222 /* Sources */ = {
			isa = PBXSourcesBuildPhase;
			buildActionMask = 2147483647;
			files = (
				AF9E6B861CD98210000D5222 /* DisplayingTextTests.m in Sources */,
			);
			runOnlyForDeploymentPostprocessing = 0;
		};
		AF9E6B881CD98210000D5222 /* Sources */ = {
			isa = PBXSourcesBuildPhase;
			buildActionMask = 2147483647;
			files = (
				AF9E6B911CD98210000D5222 /* DisplayingTextUITests.m in Sources */,
			);
			runOnlyForDeploymentPostprocessing = 0;
		};
/* End PBXSourcesBuildPhase section */

/* Begin PBXTargetDependency section */
		AF9E6B831CD98210000D5222 /* PBXTargetDependency */ = {
			isa = PBXTargetDependency;
			target = AF9E6B671CD98210000D5222 /* DisplayingText */;
			targetProxy = AF9E6B821CD98210000D5222 /* PBXContainerItemProxy */;
		};
		AF9E6B8E1CD98210000D5222 /* PBXTargetDependency */ = {
			isa = PBXTargetDependency;
			target = AF9E6B671CD98210000D5222 /* DisplayingText */;
			targetProxy = AF9E6B8D1CD98210000D5222 /* PBXContainerItemProxy */;
		};
/* End PBXTargetDependency section */

/* Begin PBXVariantGroup section */
		AF9E6B741CD98210000D5222 /* Main.storyboard */ = {
			isa = PBXVariantGroup;
			children = (
				AF9E6B751CD98210000D5222 /* Base */,
			);
			name = Main.storyboard;
			sourceTree = "<group>";
		};
		AF9E6B791CD98210000D5222 /* LaunchScreen.storyboard */ = {
			isa = PBXVariantGroup;
			children = (
				AF9E6B7A1CD98210000D5222 /* Base */,
			);
			name = LaunchScreen.storyboard;
			sourceTree = "<group>";
		};
/* End PBXVariantGroup section */

/* Begin XCBuildConfiguration section */
		AF9E6B931CD98210000D5222 /* Debug */ = {
			isa = XCBuildConfiguration;
			buildSettings = {
				ALWAYS_SEARCH_USER_PATHS = NO;
				CLANG_CXX_LANGUAGE_STANDARD = "gnu++0x";
				CLANG_CXX_LIBRARY = "libc++";
				CLANG_ENABLE_MODULES = YES;
				CLANG_ENABLE_OBJC_ARC = YES;
				CLANG_WARN_BOOL_CONVERSION = YES;
				CLANG_WARN_CONSTANT_CONVERSION = YES;
				CLANG_WARN_DIRECT_OBJC_ISA_USAGE = YES_ERROR;
				CLANG_WARN_EMPTY_BODY = YES;
				CLANG_WARN_ENUM_CONVERSION = YES;
				CLANG_WARN_INT_CONVERSION = YES;
				CLANG_WARN_OBJC_ROOT_CLASS = YES_ERROR;
				CLANG_WARN_UNREACHABLE_CODE = YES;
				CLANG_WARN__DUPLICATE_METHOD_MATCH = YES;
				"CODE_SIGN_IDENTITY[sdk=iphoneos*]" = "iPhone Developer";
				COPY_PHASE_STRIP = NO;
				DEBUG_INFORMATION_FORMAT = dwarf;
				ENABLE_STRICT_OBJC_MSGSEND = YES;
				ENABLE_TESTABILITY = YES;
				GCC_C_LANGUAGE_STANDARD = gnu99;
				GCC_DYNAMIC_NO_PIC = NO;
				GCC_NO_COMMON_BLOCKS = YES;
				GCC_OPTIMIZATION_LEVEL = 0;
				GCC_PREPROCESSOR_DEFINITIONS = (
					"DEBUG=1",
					"$(inherited)",
				);
				GCC_WARN_64_TO_32_BIT_CONVERSION = YES;
				GCC_WARN_ABOUT_RETURN_TYPE = YES_ERROR;
				GCC_WARN_UNDECLARED_SELECTOR = YES;
				GCC_WARN_UNINITIALIZED_AUTOS = YES_AGGRESSIVE;
				GCC_WARN_UNUSED_FUNCTION = YES;
				GCC_WARN_UNUSED_VARIABLE = YES;
				IPHONEOS_DEPLOYMENT_TARGET = 9.2;
				MTL_ENABLE_DEBUG_INFO = YES;
				ONLY_ACTIVE_ARCH = YES;
				SDKROOT = iphoneos;
				TARGETED_DEVICE_FAMILY = "1,2";
			};
			name = Debug;
		};
		AF9E6B941CD98210000D5222 /* Release */ = {
			isa = XCBuildConfiguration;
			buildSettings = {
				ALWAYS_SEARCH_USER_PATHS = NO;
				CLANG_CXX_LANGUAGE_STANDARD = "gnu++0x";
				CLANG_CXX_LIBRARY = "libc++";
				CLANG_ENABLE_MODULES = YES;
				CLANG_ENABLE_OBJC_ARC = YES;
				CLANG_WARN_BOOL_CONVERSION = YES;
				CLANG_WARN_CONSTANT_CONVERSION = YES;
				CLANG_WARN_DIRECT_OBJC_ISA_USAGE = YES_ERROR;
				CLANG_WARN_EMPTY_BODY = YES;
				CLANG_WARN_ENUM_CONVERSION = YES;
				CLANG_WARN_INT_CONVERSION = YES;
				CLANG_WARN_OBJC_ROOT_CLASS = YES_ERROR;
				CLANG_WARN_UNREACHABLE_CODE = YES;
				CLANG_WARN__DUPLICATE_METHOD_MATCH = YES;
				"CODE_SIGN_IDENTITY[sdk=iphoneos*]" = "iPhone Developer";
				COPY_PHASE_STRIP = NO;
				DEBUG_INFORMATION_FORMAT = "dwarf-with-dsym";
				ENABLE_NS_ASSERTIONS = NO;
				ENABLE_STRICT_OBJC_MSGSEND = YES;
				GCC_C_LANGUAGE_STANDARD = gnu99;
				GCC_NO_COMMON_BLOCKS = YES;
				GCC_WARN_64_TO_32_BIT_CONVERSION = YES;
				GCC_WARN_ABOUT_RETURN_TYPE = YES_ERROR;
				GCC_WARN_UNDECLARED_SELECTOR = YES;
				GCC_WARN_UNINITIALIZED_AUTOS = YES_AGGRESSIVE;
				GCC_WARN_UNUSED_FUNCTION = YES;
				GCC_WARN_UNUSED_VARIABLE = YES;
				IPHONEOS_DEPLOYMENT_TARGET = 9.2;
				MTL_ENABLE_DEBUG_INFO = NO;
				SDKROOT = iphoneos;
				TARGETED_DEVICE_FAMILY = "1,2";
				VALIDATE_PRODUCT = YES;
			};
			name = Release;
		};
		AF9E6B961CD98210000D5222 /* Debug */ = {
			isa = XCBuildConfiguration;
			buildSettings = {
				ASSETCATALOG_COMPILER_APPICON_NAME = AppIcon;
				INFOPLIST_FILE = DisplayingText/Info.plist;
				LD_RUNPATH_SEARCH_PATHS = "$(inherited) @executable_path/Frameworks";
				PRODUCT_BUNDLE_IDENTIFIER = com.swiftallmighty.DisplayingText;
				PRODUCT_NAME = "$(TARGET_NAME)";
			};
			name = Debug;
		};
		AF9E6B971CD98210000D5222 /* Release */ = {
			isa = XCBuildConfiguration;
			buildSettings = {
				ASSETCATALOG_COMPILER_APPICON_NAME = AppIcon;
				INFOPLIST_FILE = DisplayingText/Info.plist;
				LD_RUNPATH_SEARCH_PATHS = "$(inherited) @executable_path/Frameworks";
				PRODUCT_BUNDLE_IDENTIFIER = com.swiftallmighty.DisplayingText;
				PRODUCT_NAME = "$(TARGET_NAME)";
			};
			name = Release;
		};
		AF9E6B991CD98210000D5222 /* Debug */ = {
			isa = XCBuildConfiguration;
			buildSettings = {
				BUNDLE_LOADER = "$(TEST_HOST)";
				INFOPLIST_FILE = DisplayingTextTests/Info.plist;
				LD_RUNPATH_SEARCH_PATHS = "$(inherited) @executable_path/Frameworks @loader_path/Frameworks";
				PRODUCT_BUNDLE_IDENTIFIER = com.swiftallmighty.DisplayingTextTests;
				PRODUCT_NAME = "$(TARGET_NAME)";
				TEST_HOST = "$(BUILT_PRODUCTS_DIR)/DisplayingText.app/DisplayingText";
			};
			name = Debug;
		};
		AF9E6B9A1CD98210000D5222 /* Release */ = {
			isa = XCBuildConfiguration;
			buildSettings = {
				BUNDLE_LOADER = "$(TEST_HOST)";
				INFOPLIST_FILE = DisplayingTextTests/Info.plist;
				LD_RUNPATH_SEARCH_PATHS = "$(inherited) @executable_path/Frameworks @loader_path/Frameworks";
				PRODUCT_BUNDLE_IDENTIFIER = com.swiftallmighty.DisplayingTextTests;
				PRODUCT_NAME = "$(TARGET_NAME)";
				TEST_HOST = "$(BUILT_PRODUCTS_DIR)/DisplayingText.app/DisplayingText";
			};
			name = Release;
		};
		AF9E6B9C1CD98210000D5222 /* Debug */ = {
			isa = XCBuildConfiguration;
			buildSettings = {
				INFOPLIST_FILE = DisplayingTextUITests/Info.plist;
				LD_RUNPATH_SEARCH_PATHS = "$(inherited) @executable_path/Frameworks @loader_path/Frameworks";
				PRODUCT_BUNDLE_IDENTIFIER = com.swiftallmighty.DisplayingTextUITests;
				PRODUCT_NAME = "$(TARGET_NAME)";
				TEST_TARGET_NAME = DisplayingText;
				USES_XCTRUNNER = YES;
			};
			name = Debug;
		};
		AF9E6B9D1CD98210000D5222 /* Release */ = {
			isa = XCBuildConfiguration;
			buildSettings = {
				INFOPLIST_FILE = DisplayingTextUITests/Info.plist;
				LD_RUNPATH_SEARCH_PATHS = "$(inherited) @executable_path/Frameworks @loader_path/Frameworks";
				PRODUCT_BUNDLE_IDENTIFIER = com.swiftallmighty.DisplayingTextUITests;
				PRODUCT_NAME = "$(TARGET_NAME)";
				TEST_TARGET_NAME = DisplayingText;
				USES_XCTRUNNER = YES;
			};
			name = Release;
		};
/* End XCBuildConfiguration section */

/* Begin XCConfigurationList section */
		AF9E6B631CD98210000D5222 /* Build configuration list for PBXProject "DisplayingText" */ = {
			isa = XCConfigurationList;
			buildConfigurations = (
				AF9E6B931CD98210000D5222 /* Debug */,
				AF9E6B941CD98210000D5222 /* Release */,
			);
			defaultConfigurationIsVisible = 0;
			defaultConfigurationName = Release;
		};
		AF9E6B951CD98210000D5222 /* Build configuration list for PBXNativeTarget "DisplayingText" */ = {
			isa = XCConfigurationList;
			buildConfigurations = (
				AF9E6B961CD98210000D5222 /* Debug */,
				AF9E6B971CD98210000D5222 /* Release */,
			);
			defaultConfigurationIsVisible = 0;
		};
		AF9E6B981CD98210000D5222 /* Build configuration list for PBXNativeTarget "DisplayingTextTests" */ = {
			isa = XCConfigurationList;
			buildConfigurations = (
				AF9E6B991CD98210000D5222 /* Debug */,
				AF9E6B9A1CD98210000D5222 /* Release */,
			);
			defaultConfigurationIsVisible = 0;
		};
		AF9E6B9B1CD98210000D5222 /* Build configuration list for PBXNativeTarget "DisplayingTextUITests" */ = {
			isa = XCConfigurationList;
			buildConfigurations = (
				AF9E6B9C1CD98210000D5222 /* Debug */,
				AF9E6B9D1CD98210000D5222 /* Release */,
			);
			defaultConfigurationIsVisible = 0;
		};
/* End XCConfigurationList section */
	};
	rootObject = AF9E6B601CD98210000D5222 /* Project object */;
}
