// !$*UTF8*$!
{
	archiveVersion = 1;
	classes = {
	};
	objectVersion = 46;
	objects = {

/* Begin PBXBuildFile section */
		AF9E6AEF1CD97638000D5222 /* main.m in Sources */ = {isa = PBXBuildFile; fileRef = AF9E6AEE1CD97638000D5222 /* main.m */; };
		AF9E6AF21CD97638000D5222 /* AppDelegate.m in Sources */ = {isa = PBXBuildFile; fileRef = AF9E6AF11CD97638000D5222 /* AppDelegate.m */; };
		AF9E6AF51CD97638000D5222 /* ViewController.m in Sources */ = {isa = PBXBuildFile; fileRef = AF9E6AF41CD97638000D5222 /* ViewController.m */; };
		AF9E6AF81CD97638000D5222 /* Main.storyboard in Resources */ = {isa = PBXBuildFile; fileRef = AF9E6AF61CD97638000D5222 /* Main.storyboard */; };
		AF9E6AFA1CD97638000D5222 /* Assets.xcassets in Resources */ = {isa = PBXBuildFile; fileRef = AF9E6AF91CD97638000D5222 /* Assets.xcassets */; };
		AF9E6AFD1CD97638000D5222 /* LaunchScreen.storyboard in Resources */ = {isa = PBXBuildFile; fileRef = AF9E6AFB1CD97638000D5222 /* LaunchScreen.storyboard */; };
		AF9E6B081CD97638000D5222 /* ObjCTutorial1Tests.m in Sources */ = {isa = PBXBuildFile; fileRef = AF9E6B071CD97638000D5222 /* ObjCTutorial1Tests.m */; };
		AF9E6B131CD97638000D5222 /* ObjCTutorial1UITests.m in Sources */ = {isa = PBXBuildFile; fileRef = AF9E6B121CD97638000D5222 /* ObjCTutorial1UITests.m */; };
/* End PBXBuildFile section */

/* Begin PBXContainerItemProxy section */
		AF9E6B041CD97638000D5222 /* PBXContainerItemProxy */ = {
			isa = PBXContainerItemProxy;
			containerPortal = AF9E6AE21CD97638000D5222 /* Project object */;
			proxyType = 1;
			remoteGlobalIDString = AF9E6AE91CD97638000D5222;
			remoteInfo = ObjCTutorial1;
		};
		AF9E6B0F1CD97638000D5222 /* PBXContainerItemProxy */ = {
			isa = PBXContainerItemProxy;
			containerPortal = AF9E6AE21CD97638000D5222 /* Project object */;
			proxyType = 1;
			remoteGlobalIDString = AF9E6AE91CD97638000D5222;
			remoteInfo = ObjCTutorial1;
		};
/* End PBXContainerItemProxy section */

/* Begin PBXFileReference section */
		AF9E6AEA1CD97638000D5222 /* ObjCTutorial1.app */ = {isa = PBXFileReference; explicitFileType = wrapper.application; includeInIndex = 0; path = ObjCTutorial1.app; sourceTree = BUILT_PRODUCTS_DIR; };
		AF9E6AEE1CD97638000D5222 /* main.m */ = {isa = PBXFileReference; lastKnownFileType = sourcecode.c.objc; path = main.m; sourceTree = "<group>"; };
		AF9E6AF01CD97638000D5222 /* AppDelegate.h */ = {isa = PBXFileReference; lastKnownFileType = sourcecode.c.h; path = AppDelegate.h; sourceTree = "<group>"; };
		AF9E6AF11CD97638000D5222 /* AppDelegate.m */ = {isa = PBXFileReference; lastKnownFileType = sourcecode.c.objc; path = AppDelegate.m; sourceTree = "<group>"; };
		AF9E6AF31CD97638000D5222 /* ViewController.h */ = {isa = PBXFileReference; lastKnownFileType = sourcecode.c.h; path = ViewController.h; sourceTree = "<group>"; };
		AF9E6AF41CD97638000D5222 /* ViewController.m */ = {isa = PBXFileReference; lastKnownFileType = sourcecode.c.objc; path = ViewController.m; sourceTree = "<group>"; };
		AF9E6AF71CD97638000D5222 /* Base */ = {isa = PBXFileReference; lastKnownFileType = file.storyboard; name = Base; path = Base.lproj/Main.storyboard; sourceTree = "<group>"; };
		AF9E6AF91CD97638000D5222 /* Assets.xcassets */ = {isa = PBXFileReference; lastKnownFileType = folder.assetcatalog; path = Assets.xcassets; sourceTree = "<group>"; };
		AF9E6AFC1CD97638000D5222 /* Base */ = {isa = PBXFileReference; lastKnownFileType = file.storyboard; name = Base; path = Base.lproj/LaunchScreen.storyboard; sourceTree = "<group>"; };
		AF9E6AFE1CD97638000D5222 /* Info.plist */ = {isa = PBXFileReference; lastKnownFileType = text.plist.xml; path = Info.plist; sourceTree = "<group>"; };
		AF9E6B031CD97638000D5222 /* ObjCTutorial1Tests.xctest */ = {isa = PBXFileReference; explicitFileType = wrapper.cfbundle; includeInIndex = 0; path = ObjCTutorial1Tests.xctest; sourceTree = BUILT_PRODUCTS_DIR; };
		AF9E6B071CD97638000D5222 /* ObjCTutorial1Tests.m */ = {isa = PBXFileReference; lastKnownFileType = sourcecode.c.objc; path = ObjCTutorial1Tests.m; sourceTree = "<group>"; };
		AF9E6B091CD97638000D5222 /* Info.plist */ = {isa = PBXFileReference; lastKnownFileType = text.plist.xml; path = Info.plist; sourceTree = "<group>"; };
		AF9E6B0E1CD97638000D5222 /* ObjCTutorial1UITests.xctest */ = {isa = PBXFileReference; explicitFileType = wrapper.cfbundle; includeInIndex = 0; path = ObjCTutorial1UITests.xctest; sourceTree = BUILT_PRODUCTS_DIR; };
		AF9E6B121CD97638000D5222 /* ObjCTutorial1UITests.m */ = {isa = PBXFileReference; lastKnownFileType = sourcecode.c.objc; path = ObjCTutorial1UITests.m; sourceTree = "<group>"; };
		AF9E6B141CD97638000D5222 /* Info.plist */ = {isa = PBXFileReference; lastKnownFileType = text.plist.xml; path = Info.plist; sourceTree = "<group>"; };
/* End PBXFileReference section */

/* Begin PBXFrameworksBuildPhase section */
		AF9E6AE71CD97638000D5222 /* Frameworks */ = {
			isa = PBXFrameworksBuildPhase;
			buildActionMask = 2147483647;
			files = (
			);
			runOnlyForDeploymentPostprocessing = 0;
		};
		AF9E6B001CD97638000D5222 /* Frameworks */ = {
			isa = PBXFrameworksBuildPhase;
			buildActionMask = 2147483647;
			files = (
			);
			runOnlyForDeploymentPostprocessing = 0;
		};
		AF9E6B0B1CD97638000D5222 /* Frameworks */ = {
			isa = PBXFrameworksBuildPhase;
			buildActionMask = 2147483647;
			files = (
			);
			runOnlyForDeploymentPostprocessing = 0;
		};
/* End PBXFrameworksBuildPhase section */

/* Begin PBXGroup section */
		AF9E6AE11CD97638000D5222 = {
			isa = PBXGroup;
			children = (
				AF9E6AEC1CD97638000D5222 /* ObjCTutorial1 */,
				AF9E6B061CD97638000D5222 /* ObjCTutorial1Tests */,
				AF9E6B111CD97638000D5222 /* ObjCTutorial1UITests */,
				AF9E6AEB1CD97638000D5222 /* Products */,
			);
			sourceTree = "<group>";
		};
		AF9E6AEB1CD97638000D5222 /* Products */ = {
			isa = PBXGroup;
			children = (
				AF9E6AEA1CD97638000D5222 /* ObjCTutorial1.app */,
				AF9E6B031CD97638000D5222 /* ObjCTutorial1Tests.xctest */,
				AF9E6B0E1CD97638000D5222 /* ObjCTutorial1UITests.xctest */,
			);
			name = Products;
			sourceTree = "<group>";
		};
		AF9E6AEC1CD97638000D5222 /* ObjCTutorial1 */ = {
			isa = PBXGroup;
			children = (
				AF9E6AF01CD97638000D5222 /* AppDelegate.h */,
				AF9E6AF11CD97638000D5222 /* AppDelegate.m */,
				AF9E6AF31CD97638000D5222 /* ViewController.h */,
				AF9E6AF41CD97638000D5222 /* ViewController.m */,
				AF9E6AF61CD97638000D5222 /* Main.storyboard */,
				AF9E6AF91CD97638000D5222 /* Assets.xcassets */,
				AF9E6AFB1CD97638000D5222 /* LaunchScreen.storyboard */,
				AF9E6AFE1CD97638000D5222 /* Info.plist */,
				AF9E6AED1CD97638000D5222 /* Supporting Files */,
			);
			path = ObjCTutorial1;
			sourceTree = "<group>";
		};
		AF9E6AED1CD97638000D5222 /* Supporting Files */ = {
			isa = PBXGroup;
			children = (
				AF9E6AEE1CD97638000D5222 /* main.m */,
			);
			name = "Supporting Files";
			sourceTree = "<group>";
		};
		AF9E6B061CD97638000D5222 /* ObjCTutorial1Tests */ = {
			isa = PBXGroup;
			children = (
				AF9E6B071CD97638000D5222 /* ObjCTutorial1Tests.m */,
				AF9E6B091CD97638000D5222 /* Info.plist */,
			);
			path = ObjCTutorial1Tests;
			sourceTree = "<group>";
		};
		AF9E6B111CD97638000D5222 /* ObjCTutorial1UITests */ = {
			isa = PBXGroup;
			children = (
				AF9E6B121CD97638000D5222 /* ObjCTutorial1UITests.m */,
				AF9E6B141CD97638000D5222 /* Info.plist */,
			);
			path = ObjCTutorial1UITests;
			sourceTree = "<group>";
		};
/* End PBXGroup section */

/* Begin PBXNativeTarget section */
		AF9E6AE91CD97638000D5222 /* ObjCTutorial1 */ = {
			isa = PBXNativeTarget;
			buildConfigurationList = AF9E6B171CD97638000D5222 /* Build configuration list for PBXNativeTarget "ObjCTutorial1" */;
			buildPhases = (
				AF9E6AE61CD97638000D5222 /* Sources */,
				AF9E6AE71CD97638000D5222 /* Frameworks */,
				AF9E6AE81CD97638000D5222 /* Resources */,
			);
			buildRules = (
			);
			dependencies = (
			);
			name = ObjCTutorial1;
			productName = ObjCTutorial1;
			productReference = AF9E6AEA1CD97638000D5222 /* ObjCTutorial1.app */;
			productType = "com.apple.product-type.application";
		};
		AF9E6B021CD97638000D5222 /* ObjCTutorial1Tests */ = {
			isa = PBXNativeTarget;
			buildConfigurationList = AF9E6B1A1CD97638000D5222 /* Build configuration list for PBXNativeTarget "ObjCTutorial1Tests" */;
			buildPhases = (
				AF9E6AFF1CD97638000D5222 /* Sources */,
				AF9E6B001CD97638000D5222 /* Frameworks */,
				AF9E6B011CD97638000D5222 /* Resources */,
			);
			buildRules = (
			);
			dependencies = (
				AF9E6B051CD97638000D5222 /* PBXTargetDependency */,
			);
			name = ObjCTutorial1Tests;
			productName = ObjCTutorial1Tests;
			productReference = AF9E6B031CD97638000D5222 /* ObjCTutorial1Tests.xctest */;
			productType = "com.apple.product-type.bundle.unit-test";
		};
		AF9E6B0D1CD97638000D5222 /* ObjCTutorial1UITests */ = {
			isa = PBXNativeTarget;
			buildConfigurationList = AF9E6B1D1CD97638000D5222 /* Build configuration list for PBXNativeTarget "ObjCTutorial1UITests" */;
			buildPhases = (
				AF9E6B0A1CD97638000D5222 /* Sources */,
				AF9E6B0B1CD97638000D5222 /* Frameworks */,
				AF9E6B0C1CD97638000D5222 /* Resources */,
			);
			buildRules = (
			);
			dependencies = (
				AF9E6B101CD97638000D5222 /* PBXTargetDependency */,
			);
			name = ObjCTutorial1UITests;
			productName = ObjCTutorial1UITests;
			productReference = AF9E6B0E1CD97638000D5222 /* ObjCTutorial1UITests.xctest */;
			productType = "com.apple.product-type.bundle.ui-testing";
		};
/* End PBXNativeTarget section */

/* Begin PBXProject section */
		AF9E6AE21CD97638000D5222 /* Project object */ = {
			isa = PBXProject;
			attributes = {
				LastUpgradeCheck = 0720;
				ORGANIZATIONNAME = "Cody Miller";
				TargetAttributes = {
					AF9E6AE91CD97638000D5222 = {
						CreatedOnToolsVersion = 7.2.1;
						DevelopmentTeam = 5D5JV98JBG;
					};
					AF9E6B021CD97638000D5222 = {
						CreatedOnToolsVersion = 7.2.1;
						DevelopmentTeam = 5D5JV98JBG;
						TestTargetID = AF9E6AE91CD97638000D5222;
					};
					AF9E6B0D1CD97638000D5222 = {
						CreatedOnToolsVersion = 7.2.1;
						DevelopmentTeam = 5D5JV98JBG;
						TestTargetID = AF9E6AE91CD97638000D5222;
					};
				};
			};
			buildConfigurationList = AF9E6AE51CD97638000D5222 /* Build configuration list for PBXProject "ObjCTutorial1" */;
			compatibilityVersion = "Xcode 3.2";
			developmentRegion = English;
			hasScannedForEncodings = 0;
			knownRegions = (
				en,
				Base,
			);
			mainGroup = AF9E6AE11CD97638000D5222;
			productRefGroup = AF9E6AEB1CD97638000D5222 /* Products */;
			projectDirPath = "";
			projectRoot = "";
			targets = (
				AF9E6AE91CD97638000D5222 /* ObjCTutorial1 */,
				AF9E6B021CD97638000D5222 /* ObjCTutorial1Tests */,
				AF9E6B0D1CD97638000D5222 /* ObjCTutorial1UITests */,
			);
		};
/* End PBXProject section */

/* Begin PBXResourcesBuildPhase section */
		AF9E6AE81CD97638000D5222 /* Resources */ = {
			isa = PBXResourcesBuildPhase;
			buildActionMask = 2147483647;
			files = (
				AF9E6AFD1CD97638000D5222 /* LaunchScreen.storyboard in Resources */,
				AF9E6AFA1CD97638000D5222 /* Assets.xcassets in Resources */,
				AF9E6AF81CD97638000D5222 /* Main.storyboard in Resources */,
			);
			runOnlyForDeploymentPostprocessing = 0;
		};
		AF9E6B011CD97638000D5222 /* Resources */ = {
			isa = PBXResourcesBuildPhase;
			buildActionMask = 2147483647;
			files = (
			);
			runOnlyForDeploymentPostprocessing = 0;
		};
		AF9E6B0C1CD97638000D5222 /* Resources */ = {
			isa = PBXResourcesBuildPhase;
			buildActionMask = 2147483647;
			files = (
			);
			runOnlyForDeploymentPostprocessing = 0;
		};
/* End PBXResourcesBuildPhase section */

/* Begin PBXSourcesBuildPhase section */
		AF9E6AE61CD97638000D5222 /* Sources */ = {
			isa = PBXSourcesBuildPhase;
			buildActionMask = 2147483647;
			files = (
				AF9E6AF51CD97638000D5222 /* ViewController.m in Sources */,
				AF9E6AF21CD97638000D5222 /* AppDelegate.m in Sources */,
				AF9E6AEF1CD97638000D5222 /* main.m in Sources */,
			);
			runOnlyForDeploymentPostprocessing = 0;
		};
		AF9E6AFF1CD97638000D5222 /* Sources */ = {
			isa = PBXSourcesBuildPhase;
			buildActionMask = 2147483647;
			files = (
				AF9E6B081CD97638000D5222 /* ObjCTutorial1Tests.m in Sources */,
			);
			runOnlyForDeploymentPostprocessing = 0;
		};
		AF9E6B0A1CD97638000D5222 /* Sources */ = {
			isa = PBXSourcesBuildPhase;
			buildActionMask = 2147483647;
			files = (
				AF9E6B131CD97638000D5222 /* ObjCTutorial1UITests.m in Sources */,
			);
			runOnlyForDeploymentPostprocessing = 0;
		};
/* End PBXSourcesBuildPhase section */

/* Begin PBXTargetDependency section */
		AF9E6B051CD97638000D5222 /* PBXTargetDependency */ = {
			isa = PBXTargetDependency;
			target = AF9E6AE91CD97638000D5222 /* ObjCTutorial1 */;
			targetProxy = AF9E6B041CD97638000D5222 /* PBXContainerItemProxy */;
		};
		AF9E6B101CD97638000D5222 /* PBXTargetDependency */ = {
			isa = PBXTargetDependency;
			target = AF9E6AE91CD97638000D5222 /* ObjCTutorial1 */;
			targetProxy = AF9E6B0F1CD97638000D5222 /* PBXContainerItemProxy */;
		};
/* End PBXTargetDependency section */

/* Begin PBXVariantGroup section */
		AF9E6AF61CD97638000D5222 /* Main.storyboard */ = {
			isa = PBXVariantGroup;
			children = (
				AF9E6AF71CD97638000D5222 /* Base */,
			);
			name = Main.storyboard;
			sourceTree = "<group>";
		};
		AF9E6AFB1CD97638000D5222 /* LaunchScreen.storyboard */ = {
			isa = PBXVariantGroup;
			children = (
				AF9E6AFC1CD97638000D5222 /* Base */,
			);
			name = LaunchScreen.storyboard;
			sourceTree = "<group>";
		};
/* End PBXVariantGroup section */

/* Begin XCBuildConfiguration section */
		AF9E6B151CD97638000D5222 /* Debug */ = {
			isa = XCBuildConfiguration;
			buildSettings = {
				ALWAYS_SEARCH_USER_PATHS = NO;
				CLANG_CXX_LANGUAGE_STANDARD = "gnu++0x";
				CLANG_CXX_LIBRARY = "libc++";
				CLANG_ENABLE_MODULES = YES;
				CLANG_ENABLE_OBJC_ARC = YES;
				CLANG_WARN_BOOL_CONVERSION = YES;
				CLANG_WARN_CONSTANT_CONVERSION = YES;
				CLANG_WARN_DIRECT_OBJC_ISA_USAGE = YES_ERROR;
				CLANG_WARN_EMPTY_BODY = YES;
				CLANG_WARN_ENUM_CONVERSION = YES;
				CLANG_WARN_INT_CONVERSION = YES;
				CLANG_WARN_OBJC_ROOT_CLASS = YES_ERROR;
				CLANG_WARN_UNREACHABLE_CODE = YES;
				CLANG_WARN__DUPLICATE_METHOD_MATCH = YES;
				"CODE_SIGN_IDENTITY[sdk=iphoneos*]" = "iPhone Developer";
				COPY_PHASE_STRIP = NO;
				DEBUG_INFORMATION_FORMAT = dwarf;
				ENABLE_STRICT_OBJC_MSGSEND = YES;
				ENABLE_TESTABILITY = YES;
				GCC_C_LANGUAGE_STANDARD = gnu99;
				GCC_DYNAMIC_NO_PIC = NO;
				GCC_NO_COMMON_BLOCKS = YES;
				GCC_OPTIMIZATION_LEVEL = 0;
				GCC_PREPROCESSOR_DEFINITIONS = (
					"DEBUG=1",
					"$(inherited)",
				);
				GCC_WARN_64_TO_32_BIT_CONVERSION = YES;
				GCC_WARN_ABOUT_RETURN_TYPE = YES_ERROR;
				GCC_WARN_UNDECLARED_SELECTOR = YES;
				GCC_WARN_UNINITIALIZED_AUTOS = YES_AGGRESSIVE;
				GCC_WARN_UNUSED_FUNCTION = YES;
				GCC_WARN_UNUSED_VARIABLE = YES;
				IPHONEOS_DEPLOYMENT_TARGET = 9.2;
				MTL_ENABLE_DEBUG_INFO = YES;
				ONLY_ACTIVE_ARCH = YES;
				SDKROOT = iphoneos;
				TARGETED_DEVICE_FAMILY = "1,2";
			};
			name = Debug;
		};
		AF9E6B161CD97638000D5222 /* Release */ = {
			isa = XCBuildConfiguration;
			buildSettings = {
				ALWAYS_SEARCH_USER_PATHS = NO;
				CLANG_CXX_LANGUAGE_STANDARD = "gnu++0x";
				CLANG_CXX_LIBRARY = "libc++";
				CLANG_ENABLE_MODULES = YES;
				CLANG_ENABLE_OBJC_ARC = YES;
				CLANG_WARN_BOOL_CONVERSION = YES;
				CLANG_WARN_CONSTANT_CONVERSION = YES;
				CLANG_WARN_DIRECT_OBJC_ISA_USAGE = YES_ERROR;
				CLANG_WARN_EMPTY_BODY = YES;
				CLANG_WARN_ENUM_CONVERSION = YES;
				CLANG_WARN_INT_CONVERSION = YES;
				CLANG_WARN_OBJC_ROOT_CLASS = YES_ERROR;
				CLANG_WARN_UNREACHABLE_CODE = YES;
				CLANG_WARN__DUPLICATE_METHOD_MATCH = YES;
				"CODE_SIGN_IDENTITY[sdk=iphoneos*]" = "iPhone Developer";
				COPY_PHASE_STRIP = NO;
				DEBUG_INFORMATION_FORMAT = "dwarf-with-dsym";
				ENABLE_NS_ASSERTIONS = NO;
				ENABLE_STRICT_OBJC_MSGSEND = YES;
				GCC_C_LANGUAGE_STANDARD = gnu99;
				GCC_NO_COMMON_BLOCKS = YES;
				GCC_WARN_64_TO_32_BIT_CONVERSION = YES;
				GCC_WARN_ABOUT_RETURN_TYPE = YES_ERROR;
				GCC_WARN_UNDECLARED_SELECTOR = YES;
				GCC_WARN_UNINITIALIZED_AUTOS = YES_AGGRESSIVE;
				GCC_WARN_UNUSED_FUNCTION = YES;
				GCC_WARN_UNUSED_VARIABLE = YES;
				IPHONEOS_DEPLOYMENT_TARGET = 9.2;
				MTL_ENABLE_DEBUG_INFO = NO;
				SDKROOT = iphoneos;
				TARGETED_DEVICE_FAMILY = "1,2";
				VALIDATE_PRODUCT = YES;
			};
			name = Release;
		};
		AF9E6B181CD97638000D5222 /* Debug */ = {
			isa = XCBuildConfiguration;
			buildSettings = {
				ASSETCATALOG_COMPILER_APPICON_NAME = AppIcon;
				INFOPLIST_FILE = ObjCTutorial1/Info.plist;
				LD_RUNPATH_SEARCH_PATHS = "$(inherited) @executable_path/Frameworks";
				PRODUCT_BUNDLE_IDENTIFIER = com.swiftallmighty.ObjCTutorial1;
				PRODUCT_NAME = "$(TARGET_NAME)";
			};
			name = Debug;
		};
		AF9E6B191CD97638000D5222 /* Release */ = {
			isa = XCBuildConfiguration;
			buildSettings = {
				ASSETCATALOG_COMPILER_APPICON_NAME = AppIcon;
				INFOPLIST_FILE = ObjCTutorial1/Info.plist;
				LD_RUNPATH_SEARCH_PATHS = "$(inherited) @executable_path/Frameworks";
				PRODUCT_BUNDLE_IDENTIFIER = com.swiftallmighty.ObjCTutorial1;
				PRODUCT_NAME = "$(TARGET_NAME)";
			};
			name = Release;
		};
		AF9E6B1B1CD97638000D5222 /* Debug */ = {
			isa = XCBuildConfiguration;
			buildSettings = {
				BUNDLE_LOADER = "$(TEST_HOST)";
				INFOPLIST_FILE = ObjCTutorial1Tests/Info.plist;
				LD_RUNPATH_SEARCH_PATHS = "$(inherited) @executable_path/Frameworks @loader_path/Frameworks";
				PRODUCT_BUNDLE_IDENTIFIER = com.swiftallmighty.ObjCTutorial1Tests;
				PRODUCT_NAME = "$(TARGET_NAME)";
				TEST_HOST = "$(BUILT_PRODUCTS_DIR)/ObjCTutorial1.app/ObjCTutorial1";
			};
			name = Debug;
		};
		AF9E6B1C1CD97638000D5222 /* Release */ = {
			isa = XCBuildConfiguration;
			buildSettings = {
				BUNDLE_LOADER = "$(TEST_HOST)";
				INFOPLIST_FILE = ObjCTutorial1Tests/Info.plist;
				LD_RUNPATH_SEARCH_PATHS = "$(inherited) @executable_path/Frameworks @loader_path/Frameworks";
				PRODUCT_BUNDLE_IDENTIFIER = com.swiftallmighty.ObjCTutorial1Tests;
				PRODUCT_NAME = "$(TARGET_NAME)";
				TEST_HOST = "$(BUILT_PRODUCTS_DIR)/ObjCTutorial1.app/ObjCTutorial1";
			};
			name = Release;
		};
		AF9E6B1E1CD97638000D5222 /* Debug */ = {
			isa = XCBuildConfiguration;
			buildSettings = {
				INFOPLIST_FILE = ObjCTutorial1UITests/Info.plist;
				LD_RUNPATH_SEARCH_PATHS = "$(inherited) @executable_path/Frameworks @loader_path/Frameworks";
				PRODUCT_BUNDLE_IDENTIFIER = com.swiftallmighty.ObjCTutorial1UITests;
				PRODUCT_NAME = "$(TARGET_NAME)";
				TEST_TARGET_NAME = ObjCTutorial1;
				USES_XCTRUNNER = YES;
			};
			name = Debug;
		};
		AF9E6B1F1CD97638000D5222 /* Release */ = {
			isa = XCBuildConfiguration;
			buildSettings = {
				INFOPLIST_FILE = ObjCTutorial1UITests/Info.plist;
				LD_RUNPATH_SEARCH_PATHS = "$(inherited) @executable_path/Frameworks @loader_path/Frameworks";
				PRODUCT_BUNDLE_IDENTIFIER = com.swiftallmighty.ObjCTutorial1UITests;
				PRODUCT_NAME = "$(TARGET_NAME)";
				TEST_TARGET_NAME = ObjCTutorial1;
				USES_XCTRUNNER = YES;
			};
			name = Release;
		};
/* End XCBuildConfiguration section */

/* Begin XCConfigurationList section */
		AF9E6AE51CD97638000D5222 /* Build configuration list for PBXProject "ObjCTutorial1" */ = {
			isa = XCConfigurationList;
			buildConfigurations = (
				AF9E6B151CD97638000D5222 /* Debug */,
				AF9E6B161CD97638000D5222 /* Release */,
			);
			defaultConfigurationIsVisible = 0;
			defaultConfigurationName = Release;
		};
		AF9E6B171CD97638000D5222 /* Build configuration list for PBXNativeTarget "ObjCTutorial1" */ = {
			isa = XCConfigurationList;
			buildConfigurations = (
				AF9E6B181CD97638000D5222 /* Debug */,
				AF9E6B191CD97638000D5222 /* Release */,
			);
			defaultConfigurationIsVisible = 0;
		};
		AF9E6B1A1CD97638000D5222 /* Build configuration list for PBXNativeTarget "ObjCTutorial1Tests" */ = {
			isa = XCConfigurationList;
			buildConfigurations = (
				AF9E6B1B1CD97638000D5222 /* Debug */,
				AF9E6B1C1CD97638000D5222 /* Release */,
			);
			defaultConfigurationIsVisible = 0;
		};
		AF9E6B1D1CD97638000D5222 /* Build configuration list for PBXNativeTarget "ObjCTutorial1UITests" */ = {
			isa = XCConfigurationList;
			buildConfigurations = (
				AF9E6B1E1CD97638000D5222 /* Debug */,
				AF9E6B1F1CD97638000D5222 /* Release */,
			);
			defaultConfigurationIsVisible = 0;
		};
/* End XCConfigurationList section */
	};
	rootObject = AF9E6AE21CD97638000D5222 /* Project object */;
}
